
Microsoft Visual Studio Solution File, Format Version 12.00
# Visual Studio Version 17
VisualStudioVersion = 17.0.31903.59
MinimumVisualStudioVersion = 10.0.40219.1
Project("{2150E333-8FDC-42A3-9474-1A3956D46DE8}") = "src", "src", "{827E0CD3-B72D-47B6-A68D-7590B98EB39B}"
EndProject
Project("{FAE04EC0-301F-11D3-BF4B-00C04F79EFBC}") = "HealthCare.Api", "src\HealthCare.Api\HealthCare.Api.csproj", "{DFFC7D60-DA25-426E-A0D5-400CCC7FACA6}"
EndProject
Project("{FAE04EC0-301F-11D3-BF4B-00C04F79EFBC}") = "HealthCare.Web", "src\HealthCare.Web\HealthCare.Web.csproj", "{3B498990-BDA8-4160-9985-D5686EE03531}"
EndProject
Project("{FAE04EC0-301F-11D3-BF4B-00C04F79EFBC}") = "HealthCare.Mobile", "src\HealthCare.Mobile\HealthCare.Mobile.csproj", "{F4F14CC8-90CC-4890-9FE2-297A5A7234C4}"
EndProject
Project("{FAE04EC0-301F-11D3-BF4B-00C04F79EFBC}") = "HealthCare.Domain", "src\HealthCare.Domain\HealthCare.Domain.csproj", "{CA2D9593-741B-456B-BFD2-45325B0D0ECB}"
EndProject
Project("{FAE04EC0-301F-11D3-BF4B-00C04F79EFBC}") = "HealthCare.Application", "src\HealthCare.Application\HealthCare.Application.csproj", "{E9A5E105-C803-487C-8037-EE8FE6203032}"
EndProject
Project("{FAE04EC0-301F-11D3-BF4B-00C04F79EFBC}") = "HealthCare.Infrastructure", "src\HealthCare.Infrastructure\HealthCare.Infrastructure.csproj", "{E700CB3B-FD7B-439A-9716-02137A231F8D}"
EndProject
Project("{FAE04EC0-301F-11D3-BF4B-00C04F79EFBC}") = "HealthCare.Contracts", "src\HealthCare.Contracts\HealthCare.Contracts.csproj", "{29C54ED9-B570-48B3-AEDE-0113D694BD59}"
EndProject
Project("{2150E333-8FDC-42A3-9474-1A3956D46DE8}") = "tests", "tests", "{0AB3BF05-4346-4AA6-1389-037BE0695223}"
EndProject
Project("{FAE04EC0-301F-11D3-BF4B-00C04F79EFBC}") = "HealthCare.UnitTests", "tests\HealthCare.UnitTests\HealthCare.UnitTests.csproj", "{C6A1D85E-F7AF-4B7B-9178-6514D4361AB7}"
EndProject
Project("{FAE04EC0-301F-11D3-BF4B-00C04F79EFBC}") = "HealthCare.IntegrationTests", "tests\HealthCare.IntegrationTests\HealthCare.IntegrationTests.csproj", "{991EB79F-ADCD-4A53-8E0C-937CD73D50A7}"
EndProject
Project("{FAE04EC0-301F-11D3-BF4B-00C04F79EFBC}") = "HealthCare.ArchitectureTests", "tests\HealthCare.ArchitectureTests\HealthCare.ArchitectureTests.csproj", "{5B090076-09BD-4430-8E48-79C58D4505B7}"
EndProject
Global
	GlobalSection(SolutionConfigurationPlatforms) = preSolution
		Debug|Any CPU = Debug|Any CPU
		Debug|x64 = Debug|x64
		Debug|x86 = Debug|x86
		Release|Any CPU = Release|Any CPU
		Release|x64 = Release|x64
		Release|x86 = Release|x86
	EndGlobalSection
	GlobalSection(ProjectConfigurationPlatforms) = postSolution
		{DFFC7D60-DA25-426E-A0D5-400CCC7FACA6}.Debug|Any CPU.ActiveCfg = Debug|Any CPU
		{DFFC7D60-DA25-426E-A0D5-400CCC7FACA6}.Debug|Any CPU.Build.0 = Debug|Any CPU
		{DFFC7D60-DA25-426E-A0D5-400CCC7FACA6}.Debug|x64.ActiveCfg = Debug|Any CPU
		{DFFC7D60-DA25-426E-A0D5-400CCC7FACA6}.Debug|x64.Build.0 = Debug|Any CPU
		{DFFC7D60-DA25-426E-A0D5-400CCC7FACA6}.Debug|x86.ActiveCfg = Debug|Any CPU
		{DFFC7D60-DA25-426E-A0D5-400CCC7FACA6}.Debug|x86.Build.0 = Debug|Any CPU
		{DFFC7D60-DA25-426E-A0D5-400CCC7FACA6}.Release|Any CPU.ActiveCfg = Release|Any CPU
		{DFFC7D60-DA25-426E-A0D5-400CCC7FACA6}.Release|Any CPU.Build.0 = Release|Any CPU
		{DFFC7D60-DA25-426E-A0D5-400CCC7FACA6}.Release|x64.ActiveCfg = Release|Any CPU
		{DFFC7D60-DA25-426E-A0D5-400CCC7FACA6}.Release|x64.Build.0 = Release|Any CPU
		{DFFC7D60-DA25-426E-A0D5-400CCC7FACA6}.Release|x86.ActiveCfg = Release|Any CPU
		{DFFC7D60-DA25-426E-A0D5-400CCC7FACA6}.Release|x86.Build.0 = Release|Any CPU
		{3B498990-BDA8-4160-9985-D5686EE03531}.Debug|Any CPU.ActiveCfg = Debug|Any CPU
		{3B498990-BDA8-4160-9985-D5686EE03531}.Debug|Any CPU.Build.0 = Debug|Any CPU
		{3B498990-BDA8-4160-9985-D5686EE03531}.Debug|x64.ActiveCfg = Debug|Any CPU
		{3B498990-BDA8-4160-9985-D5686EE03531}.Debug|x64.Build.0 = Debug|Any CPU
		{3B498990-BDA8-4160-9985-D5686EE03531}.Debug|x86.ActiveCfg = Debug|Any CPU
		{3B498990-BDA8-4160-9985-D5686EE03531}.Debug|x86.Build.0 = Debug|Any CPU
		{3B498990-BDA8-4160-9985-D5686EE03531}.Release|Any CPU.ActiveCfg = Release|Any CPU
		{3B498990-BDA8-4160-9985-D5686EE03531}.Release|Any CPU.Build.0 = Release|Any CPU
		{3B498990-BDA8-4160-9985-D5686EE03531}.Release|x64.ActiveCfg = Release|Any CPU
		{3B498990-BDA8-4160-9985-D5686EE03531}.Release|x64.Build.0 = Release|Any CPU
		{3B498990-BDA8-4160-9985-D5686EE03531}.Release|x86.ActiveCfg = Release|Any CPU
		{3B498990-BDA8-4160-9985-D5686EE03531}.Release|x86.Build.0 = Release|Any CPU
		{F4F14CC8-90CC-4890-9FE2-297A5A7234C4}.Debug|Any CPU.ActiveCfg = Debug|Any CPU
		{F4F14CC8-90CC-4890-9FE2-297A5A7234C4}.Debug|Any CPU.Build.0 = Debug|Any CPU
		{F4F14CC8-90CC-4890-9FE2-297A5A7234C4}.Debug|x64.ActiveCfg = Debug|Any CPU
		{F4F14CC8-90CC-4890-9FE2-297A5A7234C4}.Debug|x64.Build.0 = Debug|Any CPU
		{F4F14CC8-90CC-4890-9FE2-297A5A7234C4}.Debug|x86.ActiveCfg = Debug|Any CPU
		{F4F14CC8-90CC-4890-9FE2-297A5A7234C4}.Debug|x86.Build.0 = Debug|Any CPU
		{F4F14CC8-90CC-4890-9FE2-297A5A7234C4}.Release|Any CPU.ActiveCfg = Release|Any CPU
		{F4F14CC8-90CC-4890-9FE2-297A5A7234C4}.Release|Any CPU.Build.0 = Release|Any CPU
		{F4F14CC8-90CC-4890-9FE2-297A5A7234C4}.Release|x64.ActiveCfg = Release|Any CPU
		{F4F14CC8-90CC-4890-9FE2-297A5A7234C4}.Release|x64.Build.0 = Release|Any CPU
		{F4F14CC8-90CC-4890-9FE2-297A5A7234C4}.Release|x86.ActiveCfg = Release|Any CPU
		{F4F14CC8-90CC-4890-9FE2-297A5A7234C4}.Release|x86.Build.0 = Release|Any CPU
		{CA2D9593-741B-456B-BFD2-45325B0D0ECB}.Debug|Any CPU.ActiveCfg = Debug|Any CPU
		{CA2D9593-741B-456B-BFD2-45325B0D0ECB}.Debug|Any CPU.Build.0 = Debug|Any CPU
		{CA2D9593-741B-456B-BFD2-45325B0D0ECB}.Debug|x64.ActiveCfg = Debug|Any CPU
		{CA2D9593-741B-456B-BFD2-45325B0D0ECB}.Debug|x64.Build.0 = Debug|Any CPU
		{CA2D9593-741B-456B-BFD2-45325B0D0ECB}.Debug|x86.ActiveCfg = Debug|Any CPU
		{CA2D9593-741B-456B-BFD2-45325B0D0ECB}.Debug|x86.Build.0 = Debug|Any CPU
		{CA2D9593-741B-456B-BFD2-45325B0D0ECB}.Release|Any CPU.ActiveCfg = Release|Any CPU
		{CA2D9593-741B-456B-BFD2-45325B0D0ECB}.Release|Any CPU.Build.0 = Release|Any CPU
		{CA2D9593-741B-456B-BFD2-45325B0D0ECB}.Release|x64.ActiveCfg = Release|Any CPU
		{CA2D9593-741B-456B-BFD2-45325B0D0ECB}.Release|x64.Build.0 = Release|Any CPU
		{CA2D9593-741B-456B-BFD2-45325B0D0ECB}.Release|x86.ActiveCfg = Release|Any CPU
		{CA2D9593-741B-456B-BFD2-45325B0D0ECB}.Release|x86.Build.0 = Release|Any CPU
		{E9A5E105-C803-487C-8037-EE8FE6203032}.Debug|Any CPU.ActiveCfg = Debug|Any CPU
		{E9A5E105-C803-487C-8037-EE8FE6203032}.Debug|Any CPU.Build.0 = Debug|Any CPU
		{E9A5E105-C803-487C-8037-EE8FE6203032}.Debug|x64.ActiveCfg = Debug|Any CPU
		{E9A5E105-C803-487C-8037-EE8FE6203032}.Debug|x64.Build.0 = Debug|Any CPU
		{E9A5E105-C803-487C-8037-EE8FE6203032}.Debug|x86.ActiveCfg = Debug|Any CPU
		{E9A5E105-C803-487C-8037-EE8FE6203032}.Debug|x86.Build.0 = Debug|Any CPU
		{E9A5E105-C803-487C-8037-EE8FE6203032}.Release|Any CPU.ActiveCfg = Release|Any CPU
		{E9A5E105-C803-487C-8037-EE8FE6203032}.Release|Any CPU.Build.0 = Release|Any CPU
		{E9A5E105-C803-487C-8037-EE8FE6203032}.Release|x64.ActiveCfg = Release|Any CPU
		{E9A5E105-C803-487C-8037-EE8FE6203032}.Release|x64.Build.0 = Release|Any CPU
		{E9A5E105-C803-487C-8037-EE8FE6203032}.Release|x86.ActiveCfg = Release|Any CPU
		{E9A5E105-C803-487C-8037-EE8FE6203032}.Release|x86.Build.0 = Release|Any CPU
		{E700CB3B-FD7B-439A-9716-02137A231F8D}.Debug|Any CPU.ActiveCfg = Debug|Any CPU
		{E700CB3B-FD7B-439A-9716-02137A231F8D}.Debug|Any CPU.Build.0 = Debug|Any CPU
		{E700CB3B-FD7B-439A-9716-02137A231F8D}.Debug|x64.ActiveCfg = Debug|Any CPU
		{E700CB3B-FD7B-439A-9716-02137A231F8D}.Debug|x64.Build.0 = Debug|Any CPU
		{E700CB3B-FD7B-439A-9716-02137A231F8D}.Debug|x86.ActiveCfg = Debug|Any CPU
		{E700CB3B-FD7B-439A-9716-02137A231F8D}.Debug|x86.Build.0 = Debug|Any CPU
		{E700CB3B-FD7B-439A-9716-02137A231F8D}.Release|Any CPU.ActiveCfg = Release|Any CPU
		{E700CB3B-FD7B-439A-9716-02137A231F8D}.Release|Any CPU.Build.0 = Release|Any CPU
		{E700CB3B-FD7B-439A-9716-02137A231F8D}.Release|x64.ActiveCfg = Release|Any CPU
		{E700CB3B-FD7B-439A-9716-02137A231F8D}.Release|x64.Build.0 = Release|Any CPU
		{E700CB3B-FD7B-439A-9716-02137A231F8D}.Release|x86.ActiveCfg = Release|Any CPU
		{E700CB3B-FD7B-439A-9716-02137A231F8D}.Release|x86.Build.0 = Release|Any CPU
		{29C54ED9-B570-48B3-AEDE-0113D694BD59}.Debug|Any CPU.ActiveCfg = Debug|Any CPU
		{29C54ED9-B570-48B3-AEDE-0113D694BD59}.Debug|Any CPU.Build.0 = Debug|Any CPU
		{29C54ED9-B570-48B3-AEDE-0113D694BD59}.Debug|x64.ActiveCfg = Debug|Any CPU
		{29C54ED9-B570-48B3-AEDE-0113D694BD59}.Debug|x64.Build.0 = Debug|Any CPU
		{29C54ED9-B570-48B3-AEDE-0113D694BD59}.Debug|x86.ActiveCfg = Debug|Any CPU
		{29C54ED9-B570-48B3-AEDE-0113D694BD59}.Debug|x86.Build.0 = Debug|Any CPU
		{29C54ED9-B570-48B3-AEDE-0113D694BD59}.Release|Any CPU.ActiveCfg = Release|Any CPU
		{29C54ED9-B570-48B3-AEDE-0113D694BD59}.Release|Any CPU.Build.0 = Release|Any CPU
		{29C54ED9-B570-48B3-AEDE-0113D694BD59}.Release|x64.ActiveCfg = Release|Any CPU
		{29C54ED9-B570-48B3-AEDE-0113D694BD59}.Release|x64.Build.0 = Release|Any CPU
		{29C54ED9-B570-48B3-AEDE-0113D694BD59}.Release|x86.ActiveCfg = Release|Any CPU
		{29C54ED9-B570-48B3-AEDE-0113D694BD59}.Release|x86.Build.0 = Release|Any CPU
		{C6A1D85E-F7AF-4B7B-9178-6514D4361AB7}.Debug|Any CPU.ActiveCfg = Debug|Any CPU
		{C6A1D85E-F7AF-4B7B-9178-6514D4361AB7}.Debug|Any CPU.Build.0 = Debug|Any CPU
		{C6A1D85E-F7AF-4B7B-9178-6514D4361AB7}.Debug|x64.ActiveCfg = Debug|Any CPU
		{C6A1D85E-F7AF-4B7B-9178-6514D4361AB7}.Debug|x64.Build.0 = Debug|Any CPU
		{C6A1D85E-F7AF-4B7B-9178-6514D4361AB7}.Debug|x86.ActiveCfg = Debug|Any CPU
		{C6A1D85E-F7AF-4B7B-9178-6514D4361AB7}.Debug|x86.Build.0 = Debug|Any CPU
		{C6A1D85E-F7AF-4B7B-9178-6514D4361AB7}.Release|Any CPU.ActiveCfg = Release|Any CPU
		{C6A1D85E-F7AF-4B7B-9178-6514D4361AB7}.Release|Any CPU.Build.0 = Release|Any CPU
		{C6A1D85E-F7AF-4B7B-9178-6514D4361AB7}.Release|x64.ActiveCfg = Release|Any CPU
		{C6A1D85E-F7AF-4B7B-9178-6514D4361AB7}.Release|x64.Build.0 = Release|Any CPU
		{C6A1D85E-F7AF-4B7B-9178-6514D4361AB7}.Release|x86.ActiveCfg = Release|Any CPU
		{C6A1D85E-F7AF-4B7B-9178-6514D4361AB7}.Release|x86.Build.0 = Release|Any CPU
		{991EB79F-ADCD-4A53-8E0C-937CD73D50A7}.Debug|Any CPU.ActiveCfg = Debug|Any CPU
		{991EB79F-ADCD-4A53-8E0C-937CD73D50A7}.Debug|Any CPU.Build.0 = Debug|Any CPU
		{991EB79F-ADCD-4A53-8E0C-937CD73D50A7}.Debug|x64.ActiveCfg = Debug|Any CPU
		{991EB79F-ADCD-4A53-8E0C-937CD73D50A7}.Debug|x64.Build.0 = Debug|Any CPU
		{991EB79F-ADCD-4A53-8E0C-937CD73D50A7}.Debug|x86.ActiveCfg = Debug|Any CPU
		{991EB79F-ADCD-4A53-8E0C-937CD73D50A7}.Debug|x86.Build.0 = Debug|Any CPU
		{991EB79F-ADCD-4A53-8E0C-937CD73D50A7}.Release|Any CPU.ActiveCfg = Release|Any CPU
		{991EB79F-ADCD-4A53-8E0C-937CD73D50A7}.Release|Any CPU.Build.0 = Release|Any CPU
		{991EB79F-ADCD-4A53-8E0C-937CD73D50A7}.Release|x64.ActiveCfg = Release|Any CPU
		{991EB79F-ADCD-4A53-8E0C-937CD73D50A7}.Release|x64.Build.0 = Release|Any CPU
		{991EB79F-ADCD-4A53-8E0C-937CD73D50A7}.Release|x86.ActiveCfg = Release|Any CPU
		{991EB79F-ADCD-4A53-8E0C-937CD73D50A7}.Release|x86.Build.0 = Release|Any CPU
		{5B090076-09BD-4430-8E48-79C58D4505B7}.Debug|Any CPU.ActiveCfg = Debug|Any CPU
		{5B090076-09BD-4430-8E48-79C58D4505B7}.Debug|Any CPU.Build.0 = Debug|Any CPU
		{5B090076-09BD-4430-8E48-79C58D4505B7}.Debug|x64.ActiveCfg = Debug|Any CPU
		{5B090076-09BD-4430-8E48-79C58D4505B7}.Debug|x64.Build.0 = Debug|Any CPU
		{5B090076-09BD-4430-8E48-79C58D4505B7}.Debug|x86.ActiveCfg = Debug|Any CPU
		{5B090076-09BD-4430-8E48-79C58D4505B7}.Debug|x86.Build.0 = Debug|Any CPU
		{5B090076-09BD-4430-8E48-79C58D4505B7}.Release|Any CPU.ActiveCfg = Release|Any CPU
		{5B090076-09BD-4430-8E48-79C58D4505B7}.Release|Any CPU.Build.0 = Release|Any CPU
		{5B090076-09BD-4430-8E48-79C58D4505B7}.Release|x64.ActiveCfg = Release|Any CPU
		{5B090076-09BD-4430-8E48-79C58D4505B7}.Release|x64.Build.0 = Release|Any CPU
		{5B090076-09BD-4430-8E48-79C58D4505B7}.Release|x86.ActiveCfg = Release|Any CPU
		{5B090076-09BD-4430-8E48-79C58D4505B7}.Release|x86.Build.0 = Release|Any CPU
	EndGlobalSection
	GlobalSection(SolutionProperties) = preSolution
		HideSolutionNode = FALSE
	EndGlobalSection
	GlobalSection(NestedProjects) = preSolution
		{DFFC7D60-DA25-426E-A0D5-400CCC7FACA6} = {827E0CD3-B72D-47B6-A68D-7590B98EB39B}
		{3B498990-BDA8-4160-9985-D5686EE03531} = {827E0CD3-B72D-47B6-A68D-7590B98EB39B}
		{F4F14CC8-90CC-4890-9FE2-297A5A7234C4} = {827E0CD3-B72D-47B6-A68D-7590B98EB39B}
		{CA2D9593-741B-456B-BFD2-45325B0D0ECB} = {827E0CD3-B72D-47B6-A68D-7590B98EB39B}
		{E9A5E105-C803-487C-8037-EE8FE6203032} = {827E0CD3-B72D-47B6-A68D-7590B98EB39B}
		{E700CB3B-FD7B-439A-9716-02137A231F8D} = {827E0CD3-B72D-47B6-A68D-7590B98EB39B}
		{29C54ED9-B570-48B3-AEDE-0113D694BD59} = {827E0CD3-B72D-47B6-A68D-7590B98EB39B}
		{C6A1D85E-F7AF-4B7B-9178-6514D4361AB7} = {0AB3BF05-4346-4AA6-1389-037BE0695223}
		{991EB79F-ADCD-4A53-8E0C-937CD73D50A7} = {0AB3BF05-4346-4AA6-1389-037BE0695223}
		{5B090076-09BD-4430-8E48-79C58D4505B7} = {0AB3BF05-4346-4AA6-1389-037BE0695223}
	EndGlobalSection
EndGlobal
